Microsoft Visual Studio Solution File, Format Version 12.00
Project("{2150E333-8FDC-42A3-9474-1A3956D46DE8}") = "Solution Items", "Solution Items", "{EEEEEEEE-EEEE-EEEE-EEEE-EEEEEEEEEEEE}"
	ProjectSection(SolutionItems) = preProject
		.gitignore = .gitignore
		Changelog.md = Changelog.md
		Readme.md = Readme.md
		build\appsettings.json = build\appsettings.json
	EndProjectSection
EndProject
Project("{2150E333-8FDC-42A3-9474-1A3956D46DE8}") = "Automation", "Automation", "{FFFFFFFF-FFFF-FFFF-FFFF-FFFFFFFFFFFF}"
EndProject
Project("{62E61232-ECFC-4AAB-A9B8-BB7F805FF201}") = "Build", "build\Build.csproj", "{C031AD42-DC78-4F9B-A74C-322F5BCD43FD}"
EndProject
Project("{62E61232-ECFC-4AAB-A9B8-BB7F805FF201}") = "Installer", "install\Installer.csproj", "{0F380971-498B-4F2F-9A1A-4C3C2138955D}"
EndProject
Project("{FAE04EC0-301F-11D3-BF4B-00C04F79EFBC}") = "Kapibara.RevitToolKit", "Kapibara.RevitToolKit\Kapibara.RevitToolKit.csproj", "{A9C71C1F-6EAB-4CDE-B31B-30B6499D58D3}"
EndProject
Project("{FAE04EC0-301F-11D3-BF4B-00C04F79EFBC}") = "Kapibara.RevitToolKit.Core", "source\Kapibara.RevitToolKit.Core\Kapibara.RevitToolKit.Core.csproj", "{A31C3A31-E060-4EB2-8DE8-AAF4BA153EF2}"
EndProject
Project("{FAE04EC0-301F-11D3-BF4B-00C04F79EFBC}") = "WPF.UI", "libs\WPF.UI\source\WPF.UI\WPF.UI.csproj", "{2F2A6520-37E4-46B6-8E91-1E79A5B431D1}"
EndProject
Project("{FAE04EC0-301F-11D3-BF4B-00C04F79EFBC}") = "WPF.UI.Abstractions", "libs\WPF.UI\source\WPF.UI.Abstractions\WPF.UI.Abstractions.csproj", "{A52A1A9C-2D95-40A6-8E7A-33D1A221E631}"
EndProject
Project("{FAE04EC0-301F-11D3-BF4B-00C04F79EFBC}") = "TestUI", "source\TestUI\TestUI.csproj", "{CEE0A213-BCC3-4C35-B8D1-3DDC955ACFAB}"
EndProject
Project("{FAE04EC0-301F-11D3-BF4B-00C04F79EFBC}") = "Settings", "source\Settings\Settings.csproj", "{D0804FFD-187E-411D-BD80-E5804FD6D1E6}"
EndProject
Project("{FAE04EC0-301F-11D3-BF4B-00C04F79EFBC}") = "ExporterModels", "source\ExporterModels\ExporterModels.csproj", "{6F9BF5A6-D661-4598-8142-A9E096E1DE8C}"
EndProject
Project("{FAE04EC0-301F-11D3-BF4B-00C04F79EFBC}") = "ClashHub", "source\ClashHub\ClashHub.csproj", "{38A15B33-5708-499F-82CA-D858CC1CB360}"
EndProject
Project("{FAE04EC0-301F-11D3-BF4B-00C04F79EFBC}") = "WorkSetLinkFiles", "source\WorkSetLinkFiles\WorkSetLinkFiles.csproj", "{ED6A093D-E297-4C1D-B4E9-4BD47E276FEC}"
EndProject
Project("{FAE04EC0-301F-11D3-BF4B-00C04F79EFBC}") = "AxesLevels", "source\AxesLevels\AxesLevels.csproj", "{083CFB3B-C30C-4ECF-B351-2CFADA6A6C2C}"
EndProject
Project("{FAE04EC0-301F-11D3-BF4B-00C04F79EFBC}") = "Axes", "source\Axes\Axes.csproj", "{242EE400-9CB1-4E80-BBB2-70E5EE01FA23}"
EndProject
Project("{2150E333-8FDC-42A3-9474-1A3956D46DE8}") = "General", "General", "{55992866-E7F6-470E-BC3B-05161A40A14C}"
EndProject
Project("{2150E333-8FDC-42A3-9474-1A3956D46DE8}") = "Settings", "Settings", "{81BC5D56-709B-4545-96FB-EFC14D5F7CA5}"
EndProject
Project("{2150E333-8FDC-42A3-9474-1A3956D46DE8}") = "BIM", "BIM", "{3AB614CE-EA49-4164-A6AD-60806D8C6A92}"
EndProject
Project("{FAE04EC0-301F-11D3-BF4B-00C04F79EFBC}") = "ActiveView", "source\ActiveView\ActiveView.csproj", "{8CD358BB-9032-4846-8165-FEA9FBA0B3FA}"
EndProject
Project("{FAE04EC0-301F-11D3-BF4B-00C04F79EFBC}") = "ImportExcelByParameter", "source\ImportExcelByParameter\ImportExcelByParameter.csproj", "{8F393442-77C9-405F-A0A7-208A53E9B389}"
EndProject
Project("{FAE04EC0-301F-11D3-BF4B-00C04F79EFBC}") = "LegendPlacer", "source\LegendPlacer\LegendPlacer.csproj", "{9E343578-BA84-48EF-8CE4-05EE17862897}"
EndProject
Project("{FAE04EC0-301F-11D3-BF4B-00C04F79EFBC}") = "LevelByFloor", "source\LevelByFloor\LevelByFloor.csproj", "{0A00E227-E0E0-48D6-9580-26ADD9126167}"
EndProject
Project("{FAE04EC0-301F-11D3-BF4B-00C04F79EFBC}") = "SolidIntersection", "source\SolidIntersection\SolidIntersection.csproj", "{1E6FE382-8036-4CDB-9B5F-32FA791B3B35}"
EndProject
Project("{FAE04EC0-301F-11D3-BF4B-00C04F79EFBC}") = "SortingCategories", "source\SortingCategories\SortingCategories.csproj", "{1300DA82-71AC-4513-AD48-F3BCC7585427}"
EndProject
Project("{FAE04EC0-301F-11D3-BF4B-00C04F79EFBC}") = "RiserMate", "source\RiserMate\RiserMate.csproj", "{9B5B6E1E-3CA3-4FCE-B537-200CC7F3BCBB}"
EndProject
Project("{FAE04EC0-301F-11D3-BF4B-00C04F79EFBC}") = "Marking", "source\Marking\Marking.csproj", "{920A79CA-EAFD-4AF4-A96F-B08DF47416A3}"
EndProject
Project("{FAE04EC0-301F-11D3-BF4B-00C04F79EFBC}") = "EngineeringSystems", "source\EngineeringSystems\EngineeringSystems.csproj", "{C1CEFEEF-CBCD-4534-8DF0-97F45ECEA270}"
EndProject
Project("{2150E333-8FDC-42A3-9474-1A3956D46DE8}") = "MEP", "MEP", "{C2F55BDB-A598-469B-96FC-5AA561E04D61}"
EndProject
Project("{FAE04EC0-301F-11D3-BF4B-00C04F79EFBC}") = "SheetManager", "source\SheetManager\SheetManager.csproj", "{F41A2698-D733-411C-A82A-49C6799FCB2E}"
EndProject
Project("{FAE04EC0-301F-11D3-BF4B-00C04F79EFBC}") = "ViewByParameter", "source\ViewByParameter\ViewByParameter.csproj", "{BA3BC001-321C-4018-8E99-31E233971B6A}"
EndProject
Project("{FAE04EC0-301F-11D3-BF4B-00C04F79EFBC}") = "VentilationInstallations", "source\VentilationInstallations\VentilationInstallations.csproj", "{129FC031-E614-4691-BE37-6C2963F527BF}"
EndProject
Global
	GlobalSection(SolutionConfigurationPlatforms) = preSolution
		Debug.R22|Any CPU = Debug.R22|Any CPU
		Debug.R23|Any CPU = Debug.R23|Any CPU
		Debug.R24|Any CPU = Debug.R24|Any CPU
		Debug.R25|Any CPU = Debug.R25|Any CPU
		Debug.R26|Any CPU = Debug.R26|Any CPU
		Debug.R27|Any CPU = Debug.R27|Any CPU
		Release.R22|Any CPU = Release.R22|Any CPU
		Release.R23|Any CPU = Release.R23|Any CPU
		Release.R24|Any CPU = Release.R24|Any CPU
		Release.R25|Any CPU = Release.R25|Any CPU
		Release.R26|Any CPU = Release.R26|Any CPU
		Release.R27|Any CPU = Release.R27|Any CPU
	EndGlobalSection
	GlobalSection(ProjectConfigurationPlatforms) = postSolution
		{C031AD42-DC78-4F9B-A74C-322F5BCD43FD}.Debug.R22|Any CPU.ActiveCfg = Debug|Any CPU
		{C031AD42-DC78-4F9B-A74C-322F5BCD43FD}.Debug.R23|Any CPU.ActiveCfg = Debug|Any CPU
		{C031AD42-DC78-4F9B-A74C-322F5BCD43FD}.Debug.R24|Any CPU.ActiveCfg = Debug|Any CPU
		{C031AD42-DC78-4F9B-A74C-322F5BCD43FD}.Debug.R25|Any CPU.ActiveCfg = Debug|Any CPU
		{C031AD42-DC78-4F9B-A74C-322F5BCD43FD}.Debug.R26|Any CPU.ActiveCfg = Debug|Any CPU
		{C031AD42-DC78-4F9B-A74C-322F5BCD43FD}.Debug.R27|Any CPU.ActiveCfg = Debug|Any CPU
		{C031AD42-DC78-4F9B-A74C-322F5BCD43FD}.Release.R22|Any CPU.ActiveCfg = Release|Any CPU
		{C031AD42-DC78-4F9B-A74C-322F5BCD43FD}.Release.R23|Any CPU.ActiveCfg = Release|Any CPU
		{C031AD42-DC78-4F9B-A74C-322F5BCD43FD}.Release.R24|Any CPU.ActiveCfg = Release|Any CPU
		{C031AD42-DC78-4F9B-A74C-322F5BCD43FD}.Release.R25|Any CPU.ActiveCfg = Release|Any CPU
		{C031AD42-DC78-4F9B-A74C-322F5BCD43FD}.Release.R26|Any CPU.ActiveCfg = Release|Any CPU
		{C031AD42-DC78-4F9B-A74C-322F5BCD43FD}.Release.R27|Any CPU.ActiveCfg = Release|Any CPU
		{0F380971-498B-4F2F-9A1A-4C3C2138955D}.Debug.R22|Any CPU.ActiveCfg = Debug|Any CPU
		{0F380971-498B-4F2F-9A1A-4C3C2138955D}.Debug.R23|Any CPU.ActiveCfg = Debug|Any CPU
		{0F380971-498B-4F2F-9A1A-4C3C2138955D}.Debug.R24|Any CPU.ActiveCfg = Debug|Any CPU
		{0F380971-498B-4F2F-9A1A-4C3C2138955D}.Debug.R25|Any CPU.ActiveCfg = Debug|Any CPU
		{0F380971-498B-4F2F-9A1A-4C3C2138955D}.Debug.R26|Any CPU.ActiveCfg = Debug|Any CPU
		{0F380971-498B-4F2F-9A1A-4C3C2138955D}.Debug.R27|Any CPU.ActiveCfg = Debug|Any CPU
		{0F380971-498B-4F2F-9A1A-4C3C2138955D}.Release.R22|Any CPU.ActiveCfg = Release|Any CPU
		{0F380971-498B-4F2F-9A1A-4C3C2138955D}.Release.R23|Any CPU.ActiveCfg = Release|Any CPU
		{0F380971-498B-4F2F-9A1A-4C3C2138955D}.Release.R24|Any CPU.ActiveCfg = Release|Any CPU
		{0F380971-498B-4F2F-9A1A-4C3C2138955D}.Release.R25|Any CPU.ActiveCfg = Release|Any CPU
		{0F380971-498B-4F2F-9A1A-4C3C2138955D}.Release.R26|Any CPU.ActiveCfg = Release|Any CPU
		{0F380971-498B-4F2F-9A1A-4C3C2138955D}.Release.R27|Any CPU.ActiveCfg = Release|Any CPU
		{A9C71C1F-6EAB-4CDE-B31B-30B6499D58D3}.Debug.R22|Any CPU.ActiveCfg = Debug.R22|Any CPU
		{A9C71C1F-6EAB-4CDE-B31B-30B6499D58D3}.Debug.R22|Any CPU.Build.0 = Debug.R22|Any CPU
		{A9C71C1F-6EAB-4CDE-B31B-30B6499D58D3}.Debug.R23|Any CPU.ActiveCfg = Debug.R23|Any CPU
		{A9C71C1F-6EAB-4CDE-B31B-30B6499D58D3}.Debug.R23|Any CPU.Build.0 = Debug.R23|Any CPU
		{A9C71C1F-6EAB-4CDE-B31B-30B6499D58D3}.Debug.R24|Any CPU.ActiveCfg = Debug.R24|Any CPU
		{A9C71C1F-6EAB-4CDE-B31B-30B6499D58D3}.Debug.R24|Any CPU.Build.0 = Debug.R24|Any CPU
		{A9C71C1F-6EAB-4CDE-B31B-30B6499D58D3}.Debug.R25|Any CPU.ActiveCfg = Debug.R25|Any CPU
		{A9C71C1F-6EAB-4CDE-B31B-30B6499D58D3}.Debug.R25|Any CPU.Build.0 = Debug.R25|Any CPU
		{A9C71C1F-6EAB-4CDE-B31B-30B6499D58D3}.Debug.R26|Any CPU.ActiveCfg = Debug.R26|Any CPU
		{A9C71C1F-6EAB-4CDE-B31B-30B6499D58D3}.Debug.R26|Any CPU.Build.0 = Debug.R26|Any CPU
		{A9C71C1F-6EAB-4CDE-B31B-30B6499D58D3}.Debug.R27|Any CPU.ActiveCfg = Debug.R27|Any CPU
		{A9C71C1F-6EAB-4CDE-B31B-30B6499D58D3}.Debug.R27|Any CPU.Build.0 = Debug.R27|Any CPU
		{A9C71C1F-6EAB-4CDE-B31B-30B6499D58D3}.Release.R22|Any CPU.ActiveCfg = Release.R22|Any CPU
		{A9C71C1F-6EAB-4CDE-B31B-30B6499D58D3}.Release.R22|Any CPU.Build.0 = Release.R22|Any CPU
		{A9C71C1F-6EAB-4CDE-B31B-30B6499D58D3}.Release.R23|Any CPU.ActiveCfg = Release.R23|Any CPU
		{A9C71C1F-6EAB-4CDE-B31B-30B6499D58D3}.Release.R23|Any CPU.Build.0 = Release.R23|Any CPU
		{A9C71C1F-6EAB-4CDE-B31B-30B6499D58D3}.Release.R24|Any CPU.ActiveCfg = Release.R24|Any CPU
		{A9C71C1F-6EAB-4CDE-B31B-30B6499D58D3}.Release.R24|Any CPU.Build.0 = Release.R24|Any CPU
		{A9C71C1F-6EAB-4CDE-B31B-30B6499D58D3}.Release.R25|Any CPU.ActiveCfg = Release.R25|Any CPU
		{A9C71C1F-6EAB-4CDE-B31B-30B6499D58D3}.Release.R25|Any CPU.Build.0 = Release.R25|Any CPU
		{A9C71C1F-6EAB-4CDE-B31B-30B6499D58D3}.Release.R26|Any CPU.ActiveCfg = Release.R26|Any CPU
		{A9C71C1F-6EAB-4CDE-B31B-30B6499D58D3}.Release.R26|Any CPU.Build.0 = Release.R26|Any CPU
		{A9C71C1F-6EAB-4CDE-B31B-30B6499D58D3}.Release.R27|Any CPU.ActiveCfg = Release.R27|Any CPU
		{A9C71C1F-6EAB-4CDE-B31B-30B6499D58D3}.Release.R27|Any CPU.Build.0 = Release.R27|Any CPU
		{A31C3A31-E060-4EB2-8DE8-AAF4BA153EF2}.Debug.R22|Any CPU.ActiveCfg = Debug.R22|Any CPU
		{A31C3A31-E060-4EB2-8DE8-AAF4BA153EF2}.Debug.R22|Any CPU.Build.0 = Debug.R22|Any CPU
		{A31C3A31-E060-4EB2-8DE8-AAF4BA153EF2}.Debug.R23|Any CPU.ActiveCfg = Debug.R23|Any CPU
		{A31C3A31-E060-4EB2-8DE8-AAF4BA153EF2}.Debug.R23|Any CPU.Build.0 = Debug.R23|Any CPU
		{A31C3A31-E060-4EB2-8DE8-AAF4BA153EF2}.Debug.R24|Any CPU.ActiveCfg = Debug.R24|Any CPU
		{A31C3A31-E060-4EB2-8DE8-AAF4BA153EF2}.Debug.R24|Any CPU.Build.0 = Debug.R24|Any CPU
		{A31C3A31-E060-4EB2-8DE8-AAF4BA153EF2}.Debug.R25|Any CPU.ActiveCfg = Debug.R25|Any CPU
		{A31C3A31-E060-4EB2-8DE8-AAF4BA153EF2}.Debug.R25|Any CPU.Build.0 = Debug.R25|Any CPU
		{A31C3A31-E060-4EB2-8DE8-AAF4BA153EF2}.Debug.R26|Any CPU.ActiveCfg = Debug.R26|Any CPU
		{A31C3A31-E060-4EB2-8DE8-AAF4BA153EF2}.Debug.R26|Any CPU.Build.0 = Debug.R26|Any CPU
		{A31C3A31-E060-4EB2-8DE8-AAF4BA153EF2}.Debug.R27|Any CPU.ActiveCfg = Debug.R27|Any CPU
		{A31C3A31-E060-4EB2-8DE8-AAF4BA153EF2}.Debug.R27|Any CPU.Build.0 = Debug.R27|Any CPU
		{A31C3A31-E060-4EB2-8DE8-AAF4BA153EF2}.Release.R22|Any CPU.ActiveCfg = Release.R22|Any CPU
		{A31C3A31-E060-4EB2-8DE8-AAF4BA153EF2}.Release.R22|Any CPU.Build.0 = Release.R22|Any CPU
		{A31C3A31-E060-4EB2-8DE8-AAF4BA153EF2}.Release.R23|Any CPU.ActiveCfg = Release.R23|Any CPU
		{A31C3A31-E060-4EB2-8DE8-AAF4BA153EF2}.Release.R23|Any CPU.Build.0 = Release.R23|Any CPU
		{A31C3A31-E060-4EB2-8DE8-AAF4BA153EF2}.Release.R24|Any CPU.ActiveCfg = Release.R24|Any CPU
		{A31C3A31-E060-4EB2-8DE8-AAF4BA153EF2}.Release.R24|Any CPU.Build.0 = Release.R24|Any CPU
		{A31C3A31-E060-4EB2-8DE8-AAF4BA153EF2}.Release.R25|Any CPU.ActiveCfg = Release.R25|Any CPU
		{A31C3A31-E060-4EB2-8DE8-AAF4BA153EF2}.Release.R25|Any CPU.Build.0 = Release.R25|Any CPU
		{A31C3A31-E060-4EB2-8DE8-AAF4BA153EF2}.Release.R26|Any CPU.ActiveCfg = Release.R26|Any CPU
		{A31C3A31-E060-4EB2-8DE8-AAF4BA153EF2}.Release.R26|Any CPU.Build.0 = Release.R26|Any CPU
		{A31C3A31-E060-4EB2-8DE8-AAF4BA153EF2}.Release.R27|Any CPU.ActiveCfg = Release.R27|Any CPU
		{A31C3A31-E060-4EB2-8DE8-AAF4BA153EF2}.Release.R27|Any CPU.Build.0 = Release.R27|Any CPU
		{2F2A6520-37E4-46B6-8E91-1E79A5B431D1}.Debug.R22|Any CPU.ActiveCfg = Debug|Any CPU
		{2F2A6520-37E4-46B6-8E91-1E79A5B431D1}.Debug.R22|Any CPU.Build.0 = Debug|Any CPU
		{2F2A6520-37E4-46B6-8E91-1E79A5B431D1}.Debug.R23|Any CPU.ActiveCfg = Debug|Any CPU
		{2F2A6520-37E4-46B6-8E91-1E79A5B431D1}.Debug.R23|Any CPU.Build.0 = Debug|Any CPU
		{2F2A6520-37E4-46B6-8E91-1E79A5B431D1}.Debug.R24|Any CPU.ActiveCfg = Debug|Any CPU
		{2F2A6520-37E4-46B6-8E91-1E79A5B431D1}.Debug.R24|Any CPU.Build.0 = Debug|Any CPU
		{2F2A6520-37E4-46B6-8E91-1E79A5B431D1}.Debug.R25|Any CPU.ActiveCfg = Debug|Any CPU
		{2F2A6520-37E4-46B6-8E91-1E79A5B431D1}.Debug.R25|Any CPU.Build.0 = Debug|Any CPU
		{2F2A6520-37E4-46B6-8E91-1E79A5B431D1}.Debug.R26|Any CPU.ActiveCfg = Debug|Any CPU
		{2F2A6520-37E4-46B6-8E91-1E79A5B431D1}.Debug.R26|Any CPU.Build.0 = Debug|Any CPU
		{2F2A6520-37E4-46B6-8E91-1E79A5B431D1}.Debug.R27|Any CPU.ActiveCfg = Debug|Any CPU
		{2F2A6520-37E4-46B6-8E91-1E79A5B431D1}.Debug.R27|Any CPU.Build.0 = Debug|Any CPU
		{2F2A6520-37E4-46B6-8E91-1E79A5B431D1}.Release.R22|Any CPU.ActiveCfg = Release|Any CPU
		{2F2A6520-37E4-46B6-8E91-1E79A5B431D1}.Release.R22|Any CPU.Build.0 = Release|Any CPU
		{2F2A6520-37E4-46B6-8E91-1E79A5B431D1}.Release.R23|Any CPU.ActiveCfg = Release|Any CPU
		{2F2A6520-37E4-46B6-8E91-1E79A5B431D1}.Release.R23|Any CPU.Build.0 = Release|Any CPU
		{2F2A6520-37E4-46B6-8E91-1E79A5B431D1}.Release.R24|Any CPU.ActiveCfg = Release|Any CPU
		{2F2A6520-37E4-46B6-8E91-1E79A5B431D1}.Release.R24|Any CPU.Build.0 = Release|Any CPU
		{2F2A6520-37E4-46B6-8E91-1E79A5B431D1}.Release.R25|Any CPU.ActiveCfg = Release|Any CPU
		{2F2A6520-37E4-46B6-8E91-1E79A5B431D1}.Release.R25|Any CPU.Build.0 = Release|Any CPU
		{2F2A6520-37E4-46B6-8E91-1E79A5B431D1}.Release.R26|Any CPU.ActiveCfg = Release|Any CPU
		{2F2A6520-37E4-46B6-8E91-1E79A5B431D1}.Release.R26|Any CPU.Build.0 = Release|Any CPU
		{2F2A6520-37E4-46B6-8E91-1E79A5B431D1}.Release.R27|Any CPU.ActiveCfg = Release|Any CPU
		{2F2A6520-37E4-46B6-8E91-1E79A5B431D1}.Release.R27|Any CPU.Build.0 = Release|Any CPU
		{A52A1A9C-2D95-40A6-8E7A-33D1A221E631}.Debug.R22|Any CPU.ActiveCfg = Debug|Any CPU
		{A52A1A9C-2D95-40A6-8E7A-33D1A221E631}.Debug.R22|Any CPU.Build.0 = Debug|Any CPU
		{A52A1A9C-2D95-40A6-8E7A-33D1A221E631}.Debug.R23|Any CPU.ActiveCfg = Debug|Any CPU
		{A52A1A9C-2D95-40A6-8E7A-33D1A221E631}.Debug.R23|Any CPU.Build.0 = Debug|Any CPU
		{A52A1A9C-2D95-40A6-8E7A-33D1A221E631}.Debug.R24|Any CPU.ActiveCfg = Debug|Any CPU
		{A52A1A9C-2D95-40A6-8E7A-33D1A221E631}.Debug.R24|Any CPU.Build.0 = Debug|Any CPU
		{A52A1A9C-2D95-40A6-8E7A-33D1A221E631}.Debug.R25|Any CPU.ActiveCfg = Debug|Any CPU
		{A52A1A9C-2D95-40A6-8E7A-33D1A221E631}.Debug.R25|Any CPU.Build.0 = Debug|Any CPU
		{A52A1A9C-2D95-40A6-8E7A-33D1A221E631}.Debug.R26|Any CPU.ActiveCfg = Debug|Any CPU
		{A52A1A9C-2D95-40A6-8E7A-33D1A221E631}.Debug.R26|Any CPU.Build.0 = Debug|Any CPU
		{A52A1A9C-2D95-40A6-8E7A-33D1A221E631}.Debug.R27|Any CPU.ActiveCfg = Debug|Any CPU
		{A52A1A9C-2D95-40A6-8E7A-33D1A221E631}.Debug.R27|Any CPU.Build.0 = Debug|Any CPU
		{A52A1A9C-2D95-40A6-8E7A-33D1A221E631}.Release.R22|Any CPU.ActiveCfg = Release|Any CPU
		{A52A1A9C-2D95-40A6-8E7A-33D1A221E631}.Release.R22|Any CPU.Build.0 = Release|Any CPU
		{A52A1A9C-2D95-40A6-8E7A-33D1A221E631}.Release.R23|Any CPU.ActiveCfg = Release|Any CPU
		{A52A1A9C-2D95-40A6-8E7A-33D1A221E631}.Release.R23|Any CPU.Build.0 = Release|Any CPU
		{A52A1A9C-2D95-40A6-8E7A-33D1A221E631}.Release.R24|Any CPU.ActiveCfg = Release|Any CPU
		{A52A1A9C-2D95-40A6-8E7A-33D1A221E631}.Release.R24|Any CPU.Build.0 = Release|Any CPU
		{A52A1A9C-2D95-40A6-8E7A-33D1A221E631}.Release.R25|Any CPU.ActiveCfg = Release|Any CPU
		{A52A1A9C-2D95-40A6-8E7A-33D1A221E631}.Release.R25|Any CPU.Build.0 = Release|Any CPU
		{A52A1A9C-2D95-40A6-8E7A-33D1A221E631}.Release.R26|Any CPU.ActiveCfg = Release|Any CPU
		{A52A1A9C-2D95-40A6-8E7A-33D1A221E631}.Release.R26|Any CPU.Build.0 = Release|Any CPU
		{A52A1A9C-2D95-40A6-8E7A-33D1A221E631}.Release.R27|Any CPU.ActiveCfg = Release|Any CPU
		{A52A1A9C-2D95-40A6-8E7A-33D1A221E631}.Release.R27|Any CPU.Build.0 = Release|Any CPU
		{D0804FFD-187E-411D-BD80-E5804FD6D1E6}.Debug.R22|Any CPU.ActiveCfg = Debug.R22|Any CPU
		{D0804FFD-187E-411D-BD80-E5804FD6D1E6}.Debug.R22|Any CPU.Build.0 = Debug.R22|Any CPU
		{D0804FFD-187E-411D-BD80-E5804FD6D1E6}.Debug.R23|Any CPU.ActiveCfg = Debug.R23|Any CPU
		{D0804FFD-187E-411D-BD80-E5804FD6D1E6}.Debug.R23|Any CPU.Build.0 = Debug.R23|Any CPU
		{D0804FFD-187E-411D-BD80-E5804FD6D1E6}.Debug.R24|Any CPU.ActiveCfg = Debug.R24|Any CPU
		{D0804FFD-187E-411D-BD80-E5804FD6D1E6}.Debug.R24|Any CPU.Build.0 = Debug.R24|Any CPU
		{D0804FFD-187E-411D-BD80-E5804FD6D1E6}.Debug.R25|Any CPU.ActiveCfg = Debug.R25|Any CPU
		{D0804FFD-187E-411D-BD80-E5804FD6D1E6}.Debug.R25|Any CPU.Build.0 = Debug.R25|Any CPU
		{D0804FFD-187E-411D-BD80-E5804FD6D1E6}.Debug.R26|Any CPU.ActiveCfg = Debug.R26|Any CPU
		{D0804FFD-187E-411D-BD80-E5804FD6D1E6}.Debug.R26|Any CPU.Build.0 = Debug.R26|Any CPU
		{D0804FFD-187E-411D-BD80-E5804FD6D1E6}.Debug.R27|Any CPU.ActiveCfg = Debug.R27|Any CPU
		{D0804FFD-187E-411D-BD80-E5804FD6D1E6}.Debug.R27|Any CPU.Build.0 = Debug.R27|Any CPU
		{D0804FFD-187E-411D-BD80-E5804FD6D1E6}.Release.R22|Any CPU.ActiveCfg = Release.R22|Any CPU
		{D0804FFD-187E-411D-BD80-E5804FD6D1E6}.Release.R22|Any CPU.Build.0 = Release.R22|Any CPU
		{D0804FFD-187E-411D-BD80-E5804FD6D1E6}.Release.R23|Any CPU.ActiveCfg = Release.R23|Any CPU
		{D0804FFD-187E-411D-BD80-E5804FD6D1E6}.Release.R23|Any CPU.Build.0 = Release.R23|Any CPU
		{D0804FFD-187E-411D-BD80-E5804FD6D1E6}.Release.R24|Any CPU.ActiveCfg = Release.R24|Any CPU
		{D0804FFD-187E-411D-BD80-E5804FD6D1E6}.Release.R24|Any CPU.Build.0 = Release.R24|Any CPU
		{D0804FFD-187E-411D-BD80-E5804FD6D1E6}.Release.R25|Any CPU.ActiveCfg = Release.R25|Any CPU
		{D0804FFD-187E-411D-BD80-E5804FD6D1E6}.Release.R25|Any CPU.Build.0 = Release.R25|Any CPU
		{D0804FFD-187E-411D-BD80-E5804FD6D1E6}.Release.R26|Any CPU.ActiveCfg = Release.R26|Any CPU
		{D0804FFD-187E-411D-BD80-E5804FD6D1E6}.Release.R26|Any CPU.Build.0 = Release.R26|Any CPU
		{D0804FFD-187E-411D-BD80-E5804FD6D1E6}.Release.R27|Any CPU.ActiveCfg = Release.R27|Any CPU
		{D0804FFD-187E-411D-BD80-E5804FD6D1E6}.Release.R27|Any CPU.Build.0 = Release.R27|Any CPU
		{6F9BF5A6-D661-4598-8142-A9E096E1DE8C}.Debug.R22|Any CPU.ActiveCfg = Debug.R22|Any CPU
		{6F9BF5A6-D661-4598-8142-A9E096E1DE8C}.Debug.R22|Any CPU.Build.0 = Debug.R22|Any CPU
		{6F9BF5A6-D661-4598-8142-A9E096E1DE8C}.Debug.R23|Any CPU.ActiveCfg = Debug.R23|Any CPU
		{6F9BF5A6-D661-4598-8142-A9E096E1DE8C}.Debug.R23|Any CPU.Build.0 = Debug.R23|Any CPU
		{6F9BF5A6-D661-4598-8142-A9E096E1DE8C}.Debug.R24|Any CPU.ActiveCfg = Debug.R24|Any CPU
		{6F9BF5A6-D661-4598-8142-A9E096E1DE8C}.Debug.R24|Any CPU.Build.0 = Debug.R24|Any CPU
		{6F9BF5A6-D661-4598-8142-A9E096E1DE8C}.Debug.R25|Any CPU.ActiveCfg = Debug.R25|Any CPU
		{6F9BF5A6-D661-4598-8142-A9E096E1DE8C}.Debug.R25|Any CPU.Build.0 = Debug.R25|Any CPU
		{6F9BF5A6-D661-4598-8142-A9E096E1DE8C}.Debug.R26|Any CPU.ActiveCfg = Debug.R26|Any CPU
		{6F9BF5A6-D661-4598-8142-A9E096E1DE8C}.Debug.R26|Any CPU.Build.0 = Debug.R26|Any CPU
		{6F9BF5A6-D661-4598-8142-A9E096E1DE8C}.Debug.R27|Any CPU.ActiveCfg = Debug.R27|Any CPU
		{6F9BF5A6-D661-4598-8142-A9E096E1DE8C}.Debug.R27|Any CPU.Build.0 = Debug.R27|Any CPU
		{6F9BF5A6-D661-4598-8142-A9E096E1DE8C}.Release.R22|Any CPU.ActiveCfg = Release.R22|Any CPU
		{6F9BF5A6-D661-4598-8142-A9E096E1DE8C}.Release.R22|Any CPU.Build.0 = Release.R22|Any CPU
		{6F9BF5A6-D661-4598-8142-A9E096E1DE8C}.Release.R23|Any CPU.ActiveCfg = Release.R23|Any CPU
		{6F9BF5A6-D661-4598-8142-A9E096E1DE8C}.Release.R23|Any CPU.Build.0 = Release.R23|Any CPU
		{6F9BF5A6-D661-4598-8142-A9E096E1DE8C}.Release.R24|Any CPU.ActiveCfg = Release.R24|Any CPU
		{6F9BF5A6-D661-4598-8142-A9E096E1DE8C}.Release.R24|Any CPU.Build.0 = Release.R24|Any CPU
		{6F9BF5A6-D661-4598-8142-A9E096E1DE8C}.Release.R25|Any CPU.ActiveCfg = Release.R25|Any CPU
		{6F9BF5A6-D661-4598-8142-A9E096E1DE8C}.Release.R25|Any CPU.Build.0 = Release.R25|Any CPU
		{6F9BF5A6-D661-4598-8142-A9E096E1DE8C}.Release.R26|Any CPU.ActiveCfg = Release.R26|Any CPU
		{6F9BF5A6-D661-4598-8142-A9E096E1DE8C}.Release.R26|Any CPU.Build.0 = Release.R26|Any CPU
		{6F9BF5A6-D661-4598-8142-A9E096E1DE8C}.Release.R27|Any CPU.ActiveCfg = Release.R27|Any CPU
		{6F9BF5A6-D661-4598-8142-A9E096E1DE8C}.Release.R27|Any CPU.Build.0 = Release.R27|Any CPU
		{38A15B33-5708-499F-82CA-D858CC1CB360}.Debug.R22|Any CPU.ActiveCfg = Debug.R22|Any CPU
		{38A15B33-5708-499F-82CA-D858CC1CB360}.Debug.R22|Any CPU.Build.0 = Debug.R22|Any CPU
		{38A15B33-5708-499F-82CA-D858CC1CB360}.Debug.R23|Any CPU.ActiveCfg = Debug.R23|Any CPU
		{38A15B33-5708-499F-82CA-D858CC1CB360}.Debug.R23|Any CPU.Build.0 = Debug.R23|Any CPU
		{38A15B33-5708-499F-82CA-D858CC1CB360}.Debug.R24|Any CPU.ActiveCfg = Debug.R24|Any CPU
		{38A15B33-5708-499F-82CA-D858CC1CB360}.Debug.R24|Any CPU.Build.0 = Debug.R24|Any CPU
		{38A15B33-5708-499F-82CA-D858CC1CB360}.Debug.R25|Any CPU.ActiveCfg = Debug.R25|Any CPU
		{38A15B33-5708-499F-82CA-D858CC1CB360}.Debug.R25|Any CPU.Build.0 = Debug.R25|Any CPU
		{38A15B33-5708-499F-82CA-D858CC1CB360}.Debug.R26|Any CPU.ActiveCfg = Debug.R26|Any CPU
		{38A15B33-5708-499F-82CA-D858CC1CB360}.Debug.R26|Any CPU.Build.0 = Debug.R26|Any CPU
		{38A15B33-5708-499F-82CA-D858CC1CB360}.Debug.R27|Any CPU.ActiveCfg = Debug.R27|Any CPU
		{38A15B33-5708-499F-82CA-D858CC1CB360}.Debug.R27|Any CPU.Build.0 = Debug.R27|Any CPU
		{38A15B33-5708-499F-82CA-D858CC1CB360}.Release.R22|Any CPU.ActiveCfg = Release.R22|Any CPU
		{38A15B33-5708-499F-82CA-D858CC1CB360}.Release.R22|Any CPU.Build.0 = Release.R22|Any CPU
		{38A15B33-5708-499F-82CA-D858CC1CB360}.Release.R23|Any CPU.ActiveCfg = Release.R23|Any CPU
		{38A15B33-5708-499F-82CA-D858CC1CB360}.Release.R23|Any CPU.Build.0 = Release.R23|Any CPU
		{38A15B33-5708-499F-82CA-D858CC1CB360}.Release.R24|Any CPU.ActiveCfg = Release.R24|Any CPU
		{38A15B33-5708-499F-82CA-D858CC1CB360}.Release.R24|Any CPU.Build.0 = Release.R24|Any CPU
		{38A15B33-5708-499F-82CA-D858CC1CB360}.Release.R25|Any CPU.ActiveCfg = Release.R25|Any CPU
		{38A15B33-5708-499F-82CA-D858CC1CB360}.Release.R25|Any CPU.Build.0 = Release.R25|Any CPU
		{38A15B33-5708-499F-82CA-D858CC1CB360}.Release.R26|Any CPU.ActiveCfg = Release.R26|Any CPU
		{38A15B33-5708-499F-82CA-D858CC1CB360}.Release.R26|Any CPU.Build.0 = Release.R26|Any CPU
		{38A15B33-5708-499F-82CA-D858CC1CB360}.Release.R27|Any CPU.ActiveCfg = Release.R27|Any CPU
		{38A15B33-5708-499F-82CA-D858CC1CB360}.Release.R27|Any CPU.Build.0 = Release.R27|Any CPU
		{ED6A093D-E297-4C1D-B4E9-4BD47E276FEC}.Debug.R22|Any CPU.ActiveCfg = Debug.R22|Any CPU
		{ED6A093D-E297-4C1D-B4E9-4BD47E276FEC}.Debug.R22|Any CPU.Build.0 = Debug.R22|Any CPU
		{ED6A093D-E297-4C1D-B4E9-4BD47E276FEC}.Debug.R23|Any CPU.ActiveCfg = Debug.R23|Any CPU
		{ED6A093D-E297-4C1D-B4E9-4BD47E276FEC}.Debug.R23|Any CPU.Build.0 = Debug.R23|Any CPU
		{ED6A093D-E297-4C1D-B4E9-4BD47E276FEC}.Debug.R24|Any CPU.ActiveCfg = Debug.R24|Any CPU
		{ED6A093D-E297-4C1D-B4E9-4BD47E276FEC}.Debug.R24|Any CPU.Build.0 = Debug.R24|Any CPU
		{ED6A093D-E297-4C1D-B4E9-4BD47E276FEC}.Debug.R25|Any CPU.ActiveCfg = Debug.R25|Any CPU
		{ED6A093D-E297-4C1D-B4E9-4BD47E276FEC}.Debug.R25|Any CPU.Build.0 = Debug.R25|Any CPU
		{ED6A093D-E297-4C1D-B4E9-4BD47E276FEC}.Debug.R26|Any CPU.ActiveCfg = Debug.R26|Any CPU
		{ED6A093D-E297-4C1D-B4E9-4BD47E276FEC}.Debug.R26|Any CPU.Build.0 = Debug.R26|Any CPU
		{ED6A093D-E297-4C1D-B4E9-4BD47E276FEC}.Debug.R27|Any CPU.ActiveCfg = Debug.R27|Any CPU
		{ED6A093D-E297-4C1D-B4E9-4BD47E276FEC}.Debug.R27|Any CPU.Build.0 = Debug.R27|Any CPU
		{ED6A093D-E297-4C1D-B4E9-4BD47E276FEC}.Release.R22|Any CPU.ActiveCfg = Release.R22|Any CPU
		{ED6A093D-E297-4C1D-B4E9-4BD47E276FEC}.Release.R22|Any CPU.Build.0 = Release.R22|Any CPU
		{ED6A093D-E297-4C1D-B4E9-4BD47E276FEC}.Release.R23|Any CPU.ActiveCfg = Release.R23|Any CPU
		{ED6A093D-E297-4C1D-B4E9-4BD47E276FEC}.Release.R23|Any CPU.Build.0 = Release.R23|Any CPU
		{ED6A093D-E297-4C1D-B4E9-4BD47E276FEC}.Release.R24|Any CPU.ActiveCfg = Release.R24|Any CPU
		{ED6A093D-E297-4C1D-B4E9-4BD47E276FEC}.Release.R24|Any CPU.Build.0 = Release.R24|Any CPU
		{ED6A093D-E297-4C1D-B4E9-4BD47E276FEC}.Release.R25|Any CPU.ActiveCfg = Release.R25|Any CPU
		{ED6A093D-E297-4C1D-B4E9-4BD47E276FEC}.Release.R25|Any CPU.Build.0 = Release.R25|Any CPU
		{ED6A093D-E297-4C1D-B4E9-4BD47E276FEC}.Release.R26|Any CPU.ActiveCfg = Release.R26|Any CPU
		{ED6A093D-E297-4C1D-B4E9-4BD47E276FEC}.Release.R26|Any CPU.Build.0 = Release.R26|Any CPU
		{ED6A093D-E297-4C1D-B4E9-4BD47E276FEC}.Release.R27|Any CPU.ActiveCfg = Release.R27|Any CPU
		{ED6A093D-E297-4C1D-B4E9-4BD47E276FEC}.Release.R27|Any CPU.Build.0 = Release.R27|Any CPU
		{083CFB3B-C30C-4ECF-B351-2CFADA6A6C2C}.Debug.R22|Any CPU.ActiveCfg = Debug.R22|Any CPU
		{083CFB3B-C30C-4ECF-B351-2CFADA6A6C2C}.Debug.R22|Any CPU.Build.0 = Debug.R22|Any CPU
		{083CFB3B-C30C-4ECF-B351-2CFADA6A6C2C}.Debug.R23|Any CPU.ActiveCfg = Debug.R23|Any CPU
		{083CFB3B-C30C-4ECF-B351-2CFADA6A6C2C}.Debug.R23|Any CPU.Build.0 = Debug.R23|Any CPU
		{083CFB3B-C30C-4ECF-B351-2CFADA6A6C2C}.Debug.R24|Any CPU.ActiveCfg = Debug.R24|Any CPU
		{083CFB3B-C30C-4ECF-B351-2CFADA6A6C2C}.Debug.R24|Any CPU.Build.0 = Debug.R24|Any CPU
		{083CFB3B-C30C-4ECF-B351-2CFADA6A6C2C}.Debug.R25|Any CPU.ActiveCfg = Debug.R25|Any CPU
		{083CFB3B-C30C-4ECF-B351-2CFADA6A6C2C}.Debug.R25|Any CPU.Build.0 = Debug.R25|Any CPU
		{083CFB3B-C30C-4ECF-B351-2CFADA6A6C2C}.Debug.R26|Any CPU.ActiveCfg = Debug.R26|Any CPU
		{083CFB3B-C30C-4ECF-B351-2CFADA6A6C2C}.Debug.R26|Any CPU.Build.0 = Debug.R26|Any CPU
		{083CFB3B-C30C-4ECF-B351-2CFADA6A6C2C}.Debug.R27|Any CPU.ActiveCfg = Debug.R27|Any CPU
		{083CFB3B-C30C-4ECF-B351-2CFADA6A6C2C}.Debug.R27|Any CPU.Build.0 = Debug.R27|Any CPU
		{083CFB3B-C30C-4ECF-B351-2CFADA6A6C2C}.Release.R22|Any CPU.ActiveCfg = Release.R22|Any CPU
		{083CFB3B-C30C-4ECF-B351-2CFADA6A6C2C}.Release.R22|Any CPU.Build.0 = Release.R22|Any CPU
		{083CFB3B-C30C-4ECF-B351-2CFADA6A6C2C}.Release.R23|Any CPU.ActiveCfg = Release.R23|Any CPU
		{083CFB3B-C30C-4ECF-B351-2CFADA6A6C2C}.Release.R23|Any CPU.Build.0 = Release.R23|Any CPU
		{083CFB3B-C30C-4ECF-B351-2CFADA6A6C2C}.Release.R24|Any CPU.ActiveCfg = Release.R24|Any CPU
		{083CFB3B-C30C-4ECF-B351-2CFADA6A6C2C}.Release.R24|Any CPU.Build.0 = Release.R24|Any CPU
		{083CFB3B-C30C-4ECF-B351-2CFADA6A6C2C}.Release.R25|Any CPU.ActiveCfg = Release.R25|Any CPU
		{083CFB3B-C30C-4ECF-B351-2CFADA6A6C2C}.Release.R25|Any CPU.Build.0 = Release.R25|Any CPU
		{083CFB3B-C30C-4ECF-B351-2CFADA6A6C2C}.Release.R26|Any CPU.ActiveCfg = Release.R26|Any CPU
		{083CFB3B-C30C-4ECF-B351-2CFADA6A6C2C}.Release.R26|Any CPU.Build.0 = Release.R26|Any CPU
		{083CFB3B-C30C-4ECF-B351-2CFADA6A6C2C}.Release.R27|Any CPU.ActiveCfg = Release.R27|Any CPU
		{083CFB3B-C30C-4ECF-B351-2CFADA6A6C2C}.Release.R27|Any CPU.Build.0 = Release.R27|Any CPU
		{242EE400-9CB1-4E80-BBB2-70E5EE01FA23}.Debug.R22|Any CPU.ActiveCfg = Debug.R22|Any CPU
		{242EE400-9CB1-4E80-BBB2-70E5EE01FA23}.Debug.R22|Any CPU.Build.0 = Debug.R22|Any CPU
		{242EE400-9CB1-4E80-BBB2-70E5EE01FA23}.Debug.R23|Any CPU.ActiveCfg = Debug.R23|Any CPU
		{242EE400-9CB1-4E80-BBB2-70E5EE01FA23}.Debug.R23|Any CPU.Build.0 = Debug.R23|Any CPU
		{242EE400-9CB1-4E80-BBB2-70E5EE01FA23}.Debug.R24|Any CPU.ActiveCfg = Debug.R24|Any CPU
		{242EE400-9CB1-4E80-BBB2-70E5EE01FA23}.Debug.R24|Any CPU.Build.0 = Debug.R24|Any CPU
		{242EE400-9CB1-4E80-BBB2-70E5EE01FA23}.Debug.R25|Any CPU.ActiveCfg = Debug.R25|Any CPU
		{242EE400-9CB1-4E80-BBB2-70E5EE01FA23}.Debug.R25|Any CPU.Build.0 = Debug.R25|Any CPU
		{242EE400-9CB1-4E80-BBB2-70E5EE01FA23}.Debug.R26|Any CPU.ActiveCfg = Debug.R26|Any CPU
		{242EE400-9CB1-4E80-BBB2-70E5EE01FA23}.Debug.R26|Any CPU.Build.0 = Debug.R26|Any CPU
		{242EE400-9CB1-4E80-BBB2-70E5EE01FA23}.Debug.R27|Any CPU.ActiveCfg = Debug.R27|Any CPU
		{242EE400-9CB1-4E80-BBB2-70E5EE01FA23}.Debug.R27|Any CPU.Build.0 = Debug.R27|Any CPU
		{242EE400-9CB1-4E80-BBB2-70E5EE01FA23}.Release.R22|Any CPU.ActiveCfg = Release.R22|Any CPU
		{242EE400-9CB1-4E80-BBB2-70E5EE01FA23}.Release.R22|Any CPU.Build.0 = Release.R22|Any CPU
		{242EE400-9CB1-4E80-BBB2-70E5EE01FA23}.Release.R23|Any CPU.ActiveCfg = Release.R23|Any CPU
		{242EE400-9CB1-4E80-BBB2-70E5EE01FA23}.Release.R23|Any CPU.Build.0 = Release.R23|Any CPU
		{242EE400-9CB1-4E80-BBB2-70E5EE01FA23}.Release.R24|Any CPU.ActiveCfg = Release.R24|Any CPU
		{242EE400-9CB1-4E80-BBB2-70E5EE01FA23}.Release.R24|Any CPU.Build.0 = Release.R24|Any CPU
		{242EE400-9CB1-4E80-BBB2-70E5EE01FA23}.Release.R25|Any CPU.ActiveCfg = Release.R25|Any CPU
		{242EE400-9CB1-4E80-BBB2-70E5EE01FA23}.Release.R25|Any CPU.Build.0 = Release.R25|Any CPU
		{242EE400-9CB1-4E80-BBB2-70E5EE01FA23}.Release.R26|Any CPU.ActiveCfg = Release.R26|Any CPU
		{242EE400-9CB1-4E80-BBB2-70E5EE01FA23}.Release.R26|Any CPU.Build.0 = Release.R26|Any CPU
		{242EE400-9CB1-4E80-BBB2-70E5EE01FA23}.Release.R27|Any CPU.ActiveCfg = Release.R27|Any CPU
		{242EE400-9CB1-4E80-BBB2-70E5EE01FA23}.Release.R27|Any CPU.Build.0 = Release.R27|Any CPU
		{8CD358BB-9032-4846-8165-FEA9FBA0B3FA}.Debug.R22|Any CPU.ActiveCfg = Debug.R22|Any CPU
		{8CD358BB-9032-4846-8165-FEA9FBA0B3FA}.Debug.R22|Any CPU.Build.0 = Debug.R22|Any CPU
		{8CD358BB-9032-4846-8165-FEA9FBA0B3FA}.Debug.R23|Any CPU.ActiveCfg = Debug.R23|Any CPU
		{8CD358BB-9032-4846-8165-FEA9FBA0B3FA}.Debug.R23|Any CPU.Build.0 = Debug.R23|Any CPU
		{8CD358BB-9032-4846-8165-FEA9FBA0B3FA}.Debug.R24|Any CPU.ActiveCfg = Debug.R24|Any CPU
		{8CD358BB-9032-4846-8165-FEA9FBA0B3FA}.Debug.R24|Any CPU.Build.0 = Debug.R24|Any CPU
		{8CD358BB-9032-4846-8165-FEA9FBA0B3FA}.Debug.R25|Any CPU.ActiveCfg = Debug.R25|Any CPU
		{8CD358BB-9032-4846-8165-FEA9FBA0B3FA}.Debug.R25|Any CPU.Build.0 = Debug.R25|Any CPU
		{8CD358BB-9032-4846-8165-FEA9FBA0B3FA}.Debug.R26|Any CPU.ActiveCfg = Debug.R26|Any CPU
		{8CD358BB-9032-4846-8165-FEA9FBA0B3FA}.Debug.R26|Any CPU.Build.0 = Debug.R26|Any CPU
		{8CD358BB-9032-4846-8165-FEA9FBA0B3FA}.Debug.R27|Any CPU.ActiveCfg = Debug.R27|Any CPU
		{8CD358BB-9032-4846-8165-FEA9FBA0B3FA}.Debug.R27|Any CPU.Build.0 = Debug.R27|Any CPU
		{8CD358BB-9032-4846-8165-FEA9FBA0B3FA}.Release.R22|Any CPU.ActiveCfg = Release.R22|Any CPU
		{8CD358BB-9032-4846-8165-FEA9FBA0B3FA}.Release.R22|Any CPU.Build.0 = Release.R22|Any CPU
		{8CD358BB-9032-4846-8165-FEA9FBA0B3FA}.Release.R23|Any CPU.ActiveCfg = Release.R23|Any CPU
		{8CD358BB-9032-4846-8165-FEA9FBA0B3FA}.Release.R23|Any CPU.Build.0 = Release.R23|Any CPU
		{8CD358BB-9032-4846-8165-FEA9FBA0B3FA}.Release.R24|Any CPU.ActiveCfg = Release.R24|Any CPU
		{8CD358BB-9032-4846-8165-FEA9FBA0B3FA}.Release.R24|Any CPU.Build.0 = Release.R24|Any CPU
		{8CD358BB-9032-4846-8165-FEA9FBA0B3FA}.Release.R25|Any CPU.ActiveCfg = Release.R25|Any CPU
		{8CD358BB-9032-4846-8165-FEA9FBA0B3FA}.Release.R25|Any CPU.Build.0 = Release.R25|Any CPU
		{8CD358BB-9032-4846-8165-FEA9FBA0B3FA}.Release.R26|Any CPU.ActiveCfg = Release.R26|Any CPU
		{8CD358BB-9032-4846-8165-FEA9FBA0B3FA}.Release.R26|Any CPU.Build.0 = Release.R26|Any CPU
		{8CD358BB-9032-4846-8165-FEA9FBA0B3FA}.Release.R27|Any CPU.ActiveCfg = Release.R27|Any CPU
		{8CD358BB-9032-4846-8165-FEA9FBA0B3FA}.Release.R27|Any CPU.Build.0 = Release.R27|Any CPU
		{8F393442-77C9-405F-A0A7-208A53E9B389}.Debug.R22|Any CPU.ActiveCfg = Debug.R22|Any CPU
		{8F393442-77C9-405F-A0A7-208A53E9B389}.Debug.R22|Any CPU.Build.0 = Debug.R22|Any CPU
		{8F393442-77C9-405F-A0A7-208A53E9B389}.Debug.R23|Any CPU.ActiveCfg = Debug.R23|Any CPU
		{8F393442-77C9-405F-A0A7-208A53E9B389}.Debug.R23|Any CPU.Build.0 = Debug.R23|Any CPU
		{8F393442-77C9-405F-A0A7-208A53E9B389}.Debug.R24|Any CPU.ActiveCfg = Debug.R24|Any CPU
		{8F393442-77C9-405F-A0A7-208A53E9B389}.Debug.R24|Any CPU.Build.0 = Debug.R24|Any CPU
		{8F393442-77C9-405F-A0A7-208A53E9B389}.Debug.R25|Any CPU.ActiveCfg = Debug.R25|Any CPU
		{8F393442-77C9-405F-A0A7-208A53E9B389}.Debug.R25|Any CPU.Build.0 = Debug.R25|Any CPU
		{8F393442-77C9-405F-A0A7-208A53E9B389}.Debug.R26|Any CPU.ActiveCfg = Debug.R26|Any CPU
		{8F393442-77C9-405F-A0A7-208A53E9B389}.Debug.R26|Any CPU.Build.0 = Debug.R26|Any CPU
		{8F393442-77C9-405F-A0A7-208A53E9B389}.Debug.R27|Any CPU.ActiveCfg = Debug.R27|Any CPU
		{8F393442-77C9-405F-A0A7-208A53E9B389}.Debug.R27|Any CPU.Build.0 = Debug.R27|Any CPU
		{8F393442-77C9-405F-A0A7-208A53E9B389}.Release.R22|Any CPU.ActiveCfg = Release.R22|Any CPU
		{8F393442-77C9-405F-A0A7-208A53E9B389}.Release.R22|Any CPU.Build.0 = Release.R22|Any CPU
		{8F393442-77C9-405F-A0A7-208A53E9B389}.Release.R23|Any CPU.ActiveCfg = Release.R23|Any CPU
		{8F393442-77C9-405F-A0A7-208A53E9B389}.Release.R23|Any CPU.Build.0 = Release.R23|Any CPU
		{8F393442-77C9-405F-A0A7-208A53E9B389}.Release.R24|Any CPU.ActiveCfg = Release.R24|Any CPU
		{8F393442-77C9-405F-A0A7-208A53E9B389}.Release.R24|Any CPU.Build.0 = Release.R24|Any CPU
		{8F393442-77C9-405F-A0A7-208A53E9B389}.Release.R25|Any CPU.ActiveCfg = Release.R25|Any CPU
		{8F393442-77C9-405F-A0A7-208A53E9B389}.Release.R25|Any CPU.Build.0 = Release.R25|Any CPU
		{8F393442-77C9-405F-A0A7-208A53E9B389}.Release.R26|Any CPU.ActiveCfg = Release.R26|Any CPU
		{8F393442-77C9-405F-A0A7-208A53E9B389}.Release.R26|Any CPU.Build.0 = Release.R26|Any CPU
		{8F393442-77C9-405F-A0A7-208A53E9B389}.Release.R27|Any CPU.ActiveCfg = Release.R27|Any CPU
		{8F393442-77C9-405F-A0A7-208A53E9B389}.Release.R27|Any CPU.Build.0 = Release.R27|Any CPU
		{9E343578-BA84-48EF-8CE4-05EE17862897}.Debug.R22|Any CPU.ActiveCfg = Debug.R22|Any CPU
		{9E343578-BA84-48EF-8CE4-05EE17862897}.Debug.R22|Any CPU.Build.0 = Debug.R22|Any CPU
		{9E343578-BA84-48EF-8CE4-05EE17862897}.Debug.R23|Any CPU.ActiveCfg = Debug.R23|Any CPU
		{9E343578-BA84-48EF-8CE4-05EE17862897}.Debug.R23|Any CPU.Build.0 = Debug.R23|Any CPU
		{9E343578-BA84-48EF-8CE4-05EE17862897}.Debug.R24|Any CPU.ActiveCfg = Debug.R24|Any CPU
		{9E343578-BA84-48EF-8CE4-05EE17862897}.Debug.R24|Any CPU.Build.0 = Debug.R24|Any CPU
		{9E343578-BA84-48EF-8CE4-05EE17862897}.Debug.R25|Any CPU.ActiveCfg = Debug.R25|Any CPU
		{9E343578-BA84-48EF-8CE4-05EE17862897}.Debug.R25|Any CPU.Build.0 = Debug.R25|Any CPU
		{9E343578-BA84-48EF-8CE4-05EE17862897}.Debug.R26|Any CPU.ActiveCfg = Debug.R26|Any CPU
		{9E343578-BA84-48EF-8CE4-05EE17862897}.Debug.R26|Any CPU.Build.0 = Debug.R26|Any CPU
		{9E343578-BA84-48EF-8CE4-05EE17862897}.Debug.R27|Any CPU.ActiveCfg = Debug.R27|Any CPU
		{9E343578-BA84-48EF-8CE4-05EE17862897}.Debug.R27|Any CPU.Build.0 = Debug.R27|Any CPU
		{9E343578-BA84-48EF-8CE4-05EE17862897}.Release.R22|Any CPU.ActiveCfg = Release.R22|Any CPU
		{9E343578-BA84-48EF-8CE4-05EE17862897}.Release.R22|Any CPU.Build.0 = Release.R22|Any CPU
		{9E343578-BA84-48EF-8CE4-05EE17862897}.Release.R23|Any CPU.ActiveCfg = Release.R23|Any CPU
		{9E343578-BA84-48EF-8CE4-05EE17862897}.Release.R23|Any CPU.Build.0 = Release.R23|Any CPU
		{9E343578-BA84-48EF-8CE4-05EE17862897}.Release.R24|Any CPU.ActiveCfg = Release.R24|Any CPU
		{9E343578-BA84-48EF-8CE4-05EE17862897}.Release.R24|Any CPU.Build.0 = Release.R24|Any CPU
		{9E343578-BA84-48EF-8CE4-05EE17862897}.Release.R25|Any CPU.ActiveCfg = Release.R25|Any CPU
		{9E343578-BA84-48EF-8CE4-05EE17862897}.Release.R25|Any CPU.Build.0 = Release.R25|Any CPU
		{9E343578-BA84-48EF-8CE4-05EE17862897}.Release.R26|Any CPU.ActiveCfg = Release.R26|Any CPU
		{9E343578-BA84-48EF-8CE4-05EE17862897}.Release.R26|Any CPU.Build.0 = Release.R26|Any CPU
		{9E343578-BA84-48EF-8CE4-05EE17862897}.Release.R27|Any CPU.ActiveCfg = Release.R27|Any CPU
		{9E343578-BA84-48EF-8CE4-05EE17862897}.Release.R27|Any CPU.Build.0 = Release.R27|Any CPU
		{0A00E227-E0E0-48D6-9580-26ADD9126167}.Debug.R22|Any CPU.ActiveCfg = Debug.R22|Any CPU
		{0A00E227-E0E0-48D6-9580-26ADD9126167}.Debug.R22|Any CPU.Build.0 = Debug.R22|Any CPU
		{0A00E227-E0E0-48D6-9580-26ADD9126167}.Debug.R23|Any CPU.ActiveCfg = Debug.R23|Any CPU
		{0A00E227-E0E0-48D6-9580-26ADD9126167}.Debug.R23|Any CPU.Build.0 = Debug.R23|Any CPU
		{0A00E227-E0E0-48D6-9580-26ADD9126167}.Debug.R24|Any CPU.ActiveCfg = Debug.R24|Any CPU
		{0A00E227-E0E0-48D6-9580-26ADD9126167}.Debug.R24|Any CPU.Build.0 = Debug.R24|Any CPU
		{0A00E227-E0E0-48D6-9580-26ADD9126167}.Debug.R25|Any CPU.ActiveCfg = Debug.R25|Any CPU
		{0A00E227-E0E0-48D6-9580-26ADD9126167}.Debug.R25|Any CPU.Build.0 = Debug.R25|Any CPU
		{0A00E227-E0E0-48D6-9580-26ADD9126167}.Debug.R26|Any CPU.ActiveCfg = Debug.R26|Any CPU
		{0A00E227-E0E0-48D6-9580-26ADD9126167}.Debug.R26|Any CPU.Build.0 = Debug.R26|Any CPU
		{0A00E227-E0E0-48D6-9580-26ADD9126167}.Debug.R27|Any CPU.ActiveCfg = Debug.R27|Any CPU
		{0A00E227-E0E0-48D6-9580-26ADD9126167}.Debug.R27|Any CPU.Build.0 = Debug.R27|Any CPU
		{0A00E227-E0E0-48D6-9580-26ADD9126167}.Release.R22|Any CPU.ActiveCfg = Release.R22|Any CPU
		{0A00E227-E0E0-48D6-9580-26ADD9126167}.Release.R22|Any CPU.Build.0 = Release.R22|Any CPU
		{0A00E227-E0E0-48D6-9580-26ADD9126167}.Release.R23|Any CPU.ActiveCfg = Release.R23|Any CPU
		{0A00E227-E0E0-48D6-9580-26ADD9126167}.Release.R23|Any CPU.Build.0 = Release.R23|Any CPU
		{0A00E227-E0E0-48D6-9580-26ADD9126167}.Release.R24|Any CPU.ActiveCfg = Release.R24|Any CPU
		{0A00E227-E0E0-48D6-9580-26ADD9126167}.Release.R24|Any CPU.Build.0 = Release.R24|Any CPU
		{0A00E227-E0E0-48D6-9580-26ADD9126167}.Release.R25|Any CPU.ActiveCfg = Release.R25|Any CPU
		{0A00E227-E0E0-48D6-9580-26ADD9126167}.Release.R25|Any CPU.Build.0 = Release.R25|Any CPU
		{0A00E227-E0E0-48D6-9580-26ADD9126167}.Release.R26|Any CPU.ActiveCfg = Release.R26|Any CPU
		{0A00E227-E0E0-48D6-9580-26ADD9126167}.Release.R26|Any CPU.Build.0 = Release.R26|Any CPU
		{0A00E227-E0E0-48D6-9580-26ADD9126167}.Release.R27|Any CPU.ActiveCfg = Release.R27|Any CPU
		{0A00E227-E0E0-48D6-9580-26ADD9126167}.Release.R27|Any CPU.Build.0 = Release.R27|Any CPU
		{1E6FE382-8036-4CDB-9B5F-32FA791B3B35}.Debug.R22|Any CPU.ActiveCfg = Debug.R22|Any CPU
		{1E6FE382-8036-4CDB-9B5F-32FA791B3B35}.Debug.R22|Any CPU.Build.0 = Debug.R22|Any CPU
		{1E6FE382-8036-4CDB-9B5F-32FA791B3B35}.Debug.R23|Any CPU.ActiveCfg = Debug.R23|Any CPU
		{1E6FE382-8036-4CDB-9B5F-32FA791B3B35}.Debug.R23|Any CPU.Build.0 = Debug.R23|Any CPU
		{1E6FE382-8036-4CDB-9B5F-32FA791B3B35}.Debug.R24|Any CPU.ActiveCfg = Debug.R24|Any CPU
		{1E6FE382-8036-4CDB-9B5F-32FA791B3B35}.Debug.R24|Any CPU.Build.0 = Debug.R24|Any CPU
		{1E6FE382-8036-4CDB-9B5F-32FA791B3B35}.Debug.R25|Any CPU.ActiveCfg = Debug.R25|Any CPU
		{1E6FE382-8036-4CDB-9B5F-32FA791B3B35}.Debug.R25|Any CPU.Build.0 = Debug.R25|Any CPU
		{1E6FE382-8036-4CDB-9B5F-32FA791B3B35}.Debug.R26|Any CPU.ActiveCfg = Debug.R26|Any CPU
		{1E6FE382-8036-4CDB-9B5F-32FA791B3B35}.Debug.R26|Any CPU.Build.0 = Debug.R26|Any CPU
		{1E6FE382-8036-4CDB-9B5F-32FA791B3B35}.Debug.R27|Any CPU.ActiveCfg = Debug.R27|Any CPU
		{1E6FE382-8036-4CDB-9B5F-32FA791B3B35}.Debug.R27|Any CPU.Build.0 = Debug.R27|Any CPU
		{1E6FE382-8036-4CDB-9B5F-32FA791B3B35}.Release.R22|Any CPU.ActiveCfg = Release.R22|Any CPU
		{1E6FE382-8036-4CDB-9B5F-32FA791B3B35}.Release.R22|Any CPU.Build.0 = Release.R22|Any CPU
		{1E6FE382-8036-4CDB-9B5F-32FA791B3B35}.Release.R23|Any CPU.ActiveCfg = Release.R23|Any CPU
		{1E6FE382-8036-4CDB-9B5F-32FA791B3B35}.Release.R23|Any CPU.Build.0 = Release.R23|Any CPU
		{1E6FE382-8036-4CDB-9B5F-32FA791B3B35}.Release.R24|Any CPU.ActiveCfg = Release.R24|Any CPU
		{1E6FE382-8036-4CDB-9B5F-32FA791B3B35}.Release.R24|Any CPU.Build.0 = Release.R24|Any CPU
		{1E6FE382-8036-4CDB-9B5F-32FA791B3B35}.Release.R25|Any CPU.ActiveCfg = Release.R25|Any CPU
		{1E6FE382-8036-4CDB-9B5F-32FA791B3B35}.Release.R25|Any CPU.Build.0 = Release.R25|Any CPU
		{1E6FE382-8036-4CDB-9B5F-32FA791B3B35}.Release.R26|Any CPU.ActiveCfg = Release.R26|Any CPU
		{1E6FE382-8036-4CDB-9B5F-32FA791B3B35}.Release.R26|Any CPU.Build.0 = Release.R26|Any CPU
		{1E6FE382-8036-4CDB-9B5F-32FA791B3B35}.Release.R27|Any CPU.ActiveCfg = Release.R27|Any CPU
		{1E6FE382-8036-4CDB-9B5F-32FA791B3B35}.Release.R27|Any CPU.Build.0 = Release.R27|Any CPU
		{1300DA82-71AC-4513-AD48-F3BCC7585427}.Debug.R22|Any CPU.ActiveCfg = Debug.R22|Any CPU
		{1300DA82-71AC-4513-AD48-F3BCC7585427}.Debug.R22|Any CPU.Build.0 = Debug.R22|Any CPU
		{1300DA82-71AC-4513-AD48-F3BCC7585427}.Debug.R23|Any CPU.ActiveCfg = Debug.R23|Any CPU
		{1300DA82-71AC-4513-AD48-F3BCC7585427}.Debug.R23|Any CPU.Build.0 = Debug.R23|Any CPU
		{1300DA82-71AC-4513-AD48-F3BCC7585427}.Debug.R24|Any CPU.ActiveCfg = Debug.R24|Any CPU
		{1300DA82-71AC-4513-AD48-F3BCC7585427}.Debug.R24|Any CPU.Build.0 = Debug.R24|Any CPU
		{1300DA82-71AC-4513-AD48-F3BCC7585427}.Debug.R25|Any CPU.ActiveCfg = Debug.R25|Any CPU
		{1300DA82-71AC-4513-AD48-F3BCC7585427}.Debug.R25|Any CPU.Build.0 = Debug.R25|Any CPU
		{1300DA82-71AC-4513-AD48-F3BCC7585427}.Debug.R26|Any CPU.ActiveCfg = Debug.R26|Any CPU
		{1300DA82-71AC-4513-AD48-F3BCC7585427}.Debug.R26|Any CPU.Build.0 = Debug.R26|Any CPU
		{1300DA82-71AC-4513-AD48-F3BCC7585427}.Debug.R27|Any CPU.ActiveCfg = Debug.R27|Any CPU
		{1300DA82-71AC-4513-AD48-F3BCC7585427}.Debug.R27|Any CPU.Build.0 = Debug.R27|Any CPU
		{1300DA82-71AC-4513-AD48-F3BCC7585427}.Release.R22|Any CPU.ActiveCfg = Release.R22|Any CPU
		{1300DA82-71AC-4513-AD48-F3BCC7585427}.Release.R22|Any CPU.Build.0 = Release.R22|Any CPU
		{1300DA82-71AC-4513-AD48-F3BCC7585427}.Release.R23|Any CPU.ActiveCfg = Release.R23|Any CPU
		{1300DA82-71AC-4513-AD48-F3BCC7585427}.Release.R23|Any CPU.Build.0 = Release.R23|Any CPU
		{1300DA82-71AC-4513-AD48-F3BCC7585427}.Release.R24|Any CPU.ActiveCfg = Release.R24|Any CPU
		{1300DA82-71AC-4513-AD48-F3BCC7585427}.Release.R24|Any CPU.Build.0 = Release.R24|Any CPU
		{1300DA82-71AC-4513-AD48-F3BCC7585427}.Release.R25|Any CPU.ActiveCfg = Release.R25|Any CPU
		{1300DA82-71AC-4513-AD48-F3BCC7585427}.Release.R25|Any CPU.Build.0 = Release.R25|Any CPU
		{1300DA82-71AC-4513-AD48-F3BCC7585427}.Release.R26|Any CPU.ActiveCfg = Release.R26|Any CPU
		{1300DA82-71AC-4513-AD48-F3BCC7585427}.Release.R26|Any CPU.Build.0 = Release.R26|Any CPU
		{1300DA82-71AC-4513-AD48-F3BCC7585427}.Release.R27|Any CPU.ActiveCfg = Release.R27|Any CPU
		{1300DA82-71AC-4513-AD48-F3BCC7585427}.Release.R27|Any CPU.Build.0 = Release.R27|Any CPU
		{920A79CA-EAFD-4AF4-A96F-B08DF47416A3}.Debug.R22|Any CPU.ActiveCfg = Debug.R22|Any CPU
		{920A79CA-EAFD-4AF4-A96F-B08DF47416A3}.Debug.R22|Any CPU.Build.0 = Debug.R22|Any CPU
		{920A79CA-EAFD-4AF4-A96F-B08DF47416A3}.Debug.R23|Any CPU.ActiveCfg = Debug.R23|Any CPU
		{920A79CA-EAFD-4AF4-A96F-B08DF47416A3}.Debug.R23|Any CPU.Build.0 = Debug.R23|Any CPU
		{920A79CA-EAFD-4AF4-A96F-B08DF47416A3}.Debug.R24|Any CPU.ActiveCfg = Debug.R24|Any CPU
		{920A79CA-EAFD-4AF4-A96F-B08DF47416A3}.Debug.R24|Any CPU.Build.0 = Debug.R24|Any CPU
		{920A79CA-EAFD-4AF4-A96F-B08DF47416A3}.Debug.R25|Any CPU.ActiveCfg = Debug.R25|Any CPU
		{920A79CA-EAFD-4AF4-A96F-B08DF47416A3}.Debug.R25|Any CPU.Build.0 = Debug.R25|Any CPU
		{920A79CA-EAFD-4AF4-A96F-B08DF47416A3}.Debug.R26|Any CPU.ActiveCfg = Debug.R26|Any CPU
		{920A79CA-EAFD-4AF4-A96F-B08DF47416A3}.Debug.R26|Any CPU.Build.0 = Debug.R26|Any CPU
		{920A79CA-EAFD-4AF4-A96F-B08DF47416A3}.Release.R22|Any CPU.ActiveCfg = Release.R22|Any CPU
		{920A79CA-EAFD-4AF4-A96F-B08DF47416A3}.Release.R22|Any CPU.Build.0 = Release.R22|Any CPU
		{920A79CA-EAFD-4AF4-A96F-B08DF47416A3}.Release.R23|Any CPU.ActiveCfg = Release.R23|Any CPU
		{920A79CA-EAFD-4AF4-A96F-B08DF47416A3}.Release.R23|Any CPU.Build.0 = Release.R23|Any CPU
		{920A79CA-EAFD-4AF4-A96F-B08DF47416A3}.Release.R24|Any CPU.ActiveCfg = Release.R24|Any CPU
		{920A79CA-EAFD-4AF4-A96F-B08DF47416A3}.Release.R24|Any CPU.Build.0 = Release.R24|Any CPU
		{920A79CA-EAFD-4AF4-A96F-B08DF47416A3}.Release.R25|Any CPU.ActiveCfg = Release.R25|Any CPU
		{920A79CA-EAFD-4AF4-A96F-B08DF47416A3}.Release.R25|Any CPU.Build.0 = Release.R25|Any CPU
		{920A79CA-EAFD-4AF4-A96F-B08DF47416A3}.Release.R26|Any CPU.ActiveCfg = Release.R26|Any CPU
		{920A79CA-EAFD-4AF4-A96F-B08DF47416A3}.Release.R26|Any CPU.Build.0 = Release.R26|Any CPU
		{920A79CA-EAFD-4AF4-A96F-B08DF47416A3}.Debug.R27|Any CPU.ActiveCfg = Debug.R27|Any CPU
		{920A79CA-EAFD-4AF4-A96F-B08DF47416A3}.Debug.R27|Any CPU.Build.0 = Debug.R27|Any CPU
		{920A79CA-EAFD-4AF4-A96F-B08DF47416A3}.Release.R27|Any CPU.ActiveCfg = Release.R27|Any CPU
		{920A79CA-EAFD-4AF4-A96F-B08DF47416A3}.Release.R27|Any CPU.Build.0 = Release.R27|Any CPU
		{C1CEFEEF-CBCD-4534-8DF0-97F45ECEA270}.Debug.R22|Any CPU.ActiveCfg = Debug.R22|Any CPU
		{C1CEFEEF-CBCD-4534-8DF0-97F45ECEA270}.Debug.R22|Any CPU.Build.0 = Debug.R22|Any CPU
		{C1CEFEEF-CBCD-4534-8DF0-97F45ECEA270}.Debug.R23|Any CPU.ActiveCfg = Debug.R23|Any CPU
		{C1CEFEEF-CBCD-4534-8DF0-97F45ECEA270}.Debug.R23|Any CPU.Build.0 = Debug.R23|Any CPU
		{C1CEFEEF-CBCD-4534-8DF0-97F45ECEA270}.Debug.R24|Any CPU.ActiveCfg = Debug.R24|Any CPU
		{C1CEFEEF-CBCD-4534-8DF0-97F45ECEA270}.Debug.R24|Any CPU.Build.0 = Debug.R24|Any CPU
		{C1CEFEEF-CBCD-4534-8DF0-97F45ECEA270}.Debug.R25|Any CPU.ActiveCfg = Debug.R25|Any CPU
		{C1CEFEEF-CBCD-4534-8DF0-97F45ECEA270}.Debug.R25|Any CPU.Build.0 = Debug.R25|Any CPU
		{C1CEFEEF-CBCD-4534-8DF0-97F45ECEA270}.Debug.R26|Any CPU.ActiveCfg = Debug.R26|Any CPU
		{C1CEFEEF-CBCD-4534-8DF0-97F45ECEA270}.Debug.R26|Any CPU.Build.0 = Debug.R26|Any CPU
		{C1CEFEEF-CBCD-4534-8DF0-97F45ECEA270}.Debug.R27|Any CPU.ActiveCfg = Debug.R27|Any CPU
		{C1CEFEEF-CBCD-4534-8DF0-97F45ECEA270}.Debug.R27|Any CPU.Build.0 = Debug.R27|Any CPU
		{C1CEFEEF-CBCD-4534-8DF0-97F45ECEA270}.Release.R22|Any CPU.ActiveCfg = Release.R22|Any CPU
		{C1CEFEEF-CBCD-4534-8DF0-97F45ECEA270}.Release.R22|Any CPU.Build.0 = Release.R22|Any CPU
		{C1CEFEEF-CBCD-4534-8DF0-97F45ECEA270}.Release.R23|Any CPU.ActiveCfg = Release.R23|Any CPU
		{C1CEFEEF-CBCD-4534-8DF0-97F45ECEA270}.Release.R23|Any CPU.Build.0 = Release.R23|Any CPU
		{C1CEFEEF-CBCD-4534-8DF0-97F45ECEA270}.Release.R24|Any CPU.ActiveCfg = Release.R24|Any CPU
		{C1CEFEEF-CBCD-4534-8DF0-97F45ECEA270}.Release.R24|Any CPU.Build.0 = Release.R24|Any CPU
		{C1CEFEEF-CBCD-4534-8DF0-97F45ECEA270}.Release.R25|Any CPU.ActiveCfg = Release.R25|Any CPU
		{C1CEFEEF-CBCD-4534-8DF0-97F45ECEA270}.Release.R25|Any CPU.Build.0 = Release.R25|Any CPU
		{C1CEFEEF-CBCD-4534-8DF0-97F45ECEA270}.Release.R26|Any CPU.ActiveCfg = Release.R26|Any CPU
		{C1CEFEEF-CBCD-4534-8DF0-97F45ECEA270}.Release.R26|Any CPU.Build.0 = Release.R26|Any CPU
		{C1CEFEEF-CBCD-4534-8DF0-97F45ECEA270}.Release.R27|Any CPU.ActiveCfg = Release.R27|Any CPU
		{C1CEFEEF-CBCD-4534-8DF0-97F45ECEA270}.Release.R27|Any CPU.Build.0 = Release.R27|Any CPU
		{9B5B6E1E-3CA3-4FCE-B537-200CC7F3BCBB}.Debug.R22|Any CPU.ActiveCfg = Debug.R22|Any CPU
		{9B5B6E1E-3CA3-4FCE-B537-200CC7F3BCBB}.Debug.R22|Any CPU.Build.0 = Debug.R22|Any CPU
		{9B5B6E1E-3CA3-4FCE-B537-200CC7F3BCBB}.Debug.R23|Any CPU.ActiveCfg = Debug.R23|Any CPU
		{9B5B6E1E-3CA3-4FCE-B537-200CC7F3BCBB}.Debug.R23|Any CPU.Build.0 = Debug.R23|Any CPU
		{9B5B6E1E-3CA3-4FCE-B537-200CC7F3BCBB}.Debug.R24|Any CPU.ActiveCfg = Debug.R24|Any CPU
		{9B5B6E1E-3CA3-4FCE-B537-200CC7F3BCBB}.Debug.R24|Any CPU.Build.0 = Debug.R24|Any CPU
		{9B5B6E1E-3CA3-4FCE-B537-200CC7F3BCBB}.Debug.R25|Any CPU.ActiveCfg = Debug.R25|Any CPU
		{9B5B6E1E-3CA3-4FCE-B537-200CC7F3BCBB}.Debug.R25|Any CPU.Build.0 = Debug.R25|Any CPU
		{9B5B6E1E-3CA3-4FCE-B537-200CC7F3BCBB}.Debug.R26|Any CPU.ActiveCfg = Debug.R26|Any CPU
		{9B5B6E1E-3CA3-4FCE-B537-200CC7F3BCBB}.Debug.R26|Any CPU.Build.0 = Debug.R26|Any CPU
		{9B5B6E1E-3CA3-4FCE-B537-200CC7F3BCBB}.Debug.R27|Any CPU.ActiveCfg = Debug.R27|Any CPU
		{9B5B6E1E-3CA3-4FCE-B537-200CC7F3BCBB}.Debug.R27|Any CPU.Build.0 = Debug.R27|Any CPU
		{9B5B6E1E-3CA3-4FCE-B537-200CC7F3BCBB}.Release.R22|Any CPU.ActiveCfg = Debug.R22|Any CPU
		{9B5B6E1E-3CA3-4FCE-B537-200CC7F3BCBB}.Release.R22|Any CPU.Build.0 = Debug.R22|Any CPU
		{9B5B6E1E-3CA3-4FCE-B537-200CC7F3BCBB}.Release.R23|Any CPU.ActiveCfg = Release.R23|Any CPU
		{9B5B6E1E-3CA3-4FCE-B537-200CC7F3BCBB}.Release.R23|Any CPU.Build.0 = Release.R23|Any CPU
		{9B5B6E1E-3CA3-4FCE-B537-200CC7F3BCBB}.Release.R24|Any CPU.ActiveCfg = Release.R24|Any CPU
		{9B5B6E1E-3CA3-4FCE-B537-200CC7F3BCBB}.Release.R24|Any CPU.Build.0 = Release.R24|Any CPU
		{9B5B6E1E-3CA3-4FCE-B537-200CC7F3BCBB}.Release.R25|Any CPU.ActiveCfg = Release.R25|Any CPU
		{9B5B6E1E-3CA3-4FCE-B537-200CC7F3BCBB}.Release.R25|Any CPU.Build.0 = Release.R25|Any CPU
		{9B5B6E1E-3CA3-4FCE-B537-200CC7F3BCBB}.Release.R26|Any CPU.ActiveCfg = Release.R26|Any CPU
		{9B5B6E1E-3CA3-4FCE-B537-200CC7F3BCBB}.Release.R26|Any CPU.Build.0 = Release.R26|Any CPU
		{9B5B6E1E-3CA3-4FCE-B537-200CC7F3BCBB}.Release.R27|Any CPU.ActiveCfg = Release.R27|Any CPU
		{9B5B6E1E-3CA3-4FCE-B537-200CC7F3BCBB}.Release.R27|Any CPU.Build.0 = Release.R27|Any CPU
		{F41A2698-D733-411C-A82A-49C6799FCB2E}.Debug.R22|Any CPU.ActiveCfg = Debug.R23|Any CPU
		{F41A2698-D733-411C-A82A-49C6799FCB2E}.Debug.R22|Any CPU.Build.0 = Debug.R23|Any CPU
		{F41A2698-D733-411C-A82A-49C6799FCB2E}.Debug.R23|Any CPU.ActiveCfg = Debug.R23|Any CPU
		{F41A2698-D733-411C-A82A-49C6799FCB2E}.Debug.R23|Any CPU.Build.0 = Debug.R23|Any CPU
		{F41A2698-D733-411C-A82A-49C6799FCB2E}.Debug.R24|Any CPU.ActiveCfg = Debug.R24|Any CPU
		{F41A2698-D733-411C-A82A-49C6799FCB2E}.Debug.R24|Any CPU.Build.0 = Debug.R24|Any CPU
		{F41A2698-D733-411C-A82A-49C6799FCB2E}.Debug.R25|Any CPU.ActiveCfg = Debug.R25|Any CPU
		{F41A2698-D733-411C-A82A-49C6799FCB2E}.Debug.R25|Any CPU.Build.0 = Debug.R25|Any CPU
		{F41A2698-D733-411C-A82A-49C6799FCB2E}.Debug.R26|Any CPU.ActiveCfg = Debug.R26|Any CPU
		{F41A2698-D733-411C-A82A-49C6799FCB2E}.Debug.R26|Any CPU.Build.0 = Debug.R26|Any CPU
		{F41A2698-D733-411C-A82A-49C6799FCB2E}.Debug.R27|Any CPU.ActiveCfg = Debug.R27|Any CPU
		{F41A2698-D733-411C-A82A-49C6799FCB2E}.Debug.R27|Any CPU.Build.0 = Debug.R27|Any CPU
		{F41A2698-D733-411C-A82A-49C6799FCB2E}.Release.R22|Any CPU.ActiveCfg = Debug.R23|Any CPU
		{F41A2698-D733-411C-A82A-49C6799FCB2E}.Release.R22|Any CPU.Build.0 = Debug.R23|Any CPU
		{F41A2698-D733-411C-A82A-49C6799FCB2E}.Release.R23|Any CPU.ActiveCfg = Release.R23|Any CPU
		{F41A2698-D733-411C-A82A-49C6799FCB2E}.Release.R23|Any CPU.Build.0 = Release.R23|Any CPU
		{F41A2698-D733-411C-A82A-49C6799FCB2E}.Release.R24|Any CPU.ActiveCfg = Release.R24|Any CPU
		{F41A2698-D733-411C-A82A-49C6799FCB2E}.Release.R24|Any CPU.Build.0 = Release.R24|Any CPU
		{F41A2698-D733-411C-A82A-49C6799FCB2E}.Release.R25|Any CPU.ActiveCfg = Release.R25|Any CPU
		{F41A2698-D733-411C-A82A-49C6799FCB2E}.Release.R25|Any CPU.Build.0 = Release.R25|Any CPU
		{F41A2698-D733-411C-A82A-49C6799FCB2E}.Release.R26|Any CPU.ActiveCfg = Release.R26|Any CPU
		{F41A2698-D733-411C-A82A-49C6799FCB2E}.Release.R26|Any CPU.Build.0 = Release.R26|Any CPU
		{F41A2698-D733-411C-A82A-49C6799FCB2E}.Release.R27|Any CPU.ActiveCfg = Release.R27|Any CPU
		{F41A2698-D733-411C-A82A-49C6799FCB2E}.Release.R27|Any CPU.Build.0 = Release.R27|Any CPU
		{BA3BC001-321C-4018-8E99-31E233971B6A}.Release.R25|Any CPU.ActiveCfg = Release.R25|Any CPU
		{BA3BC001-321C-4018-8E99-31E233971B6A}.Release.R26|Any CPU.ActiveCfg = Release.R26|Any CPU
		{BA3BC001-321C-4018-8E99-31E233971B6A}.Release.R27|Any CPU.ActiveCfg = Release.R27|Any CPU
		{BA3BC001-321C-4018-8E99-31E233971B6A}.Debug.R22|Any CPU.ActiveCfg = Debug.R22|Any CPU
		{BA3BC001-321C-4018-8E99-31E233971B6A}.Debug.R22|Any CPU.Build.0 = Debug.R22|Any CPU
		{BA3BC001-321C-4018-8E99-31E233971B6A}.Debug.R23|Any CPU.ActiveCfg = Debug.R23|Any CPU
		{BA3BC001-321C-4018-8E99-31E233971B6A}.Debug.R23|Any CPU.Build.0 = Debug.R23|Any CPU
		{BA3BC001-321C-4018-8E99-31E233971B6A}.Debug.R24|Any CPU.ActiveCfg = Debug.R24|Any CPU
		{BA3BC001-321C-4018-8E99-31E233971B6A}.Debug.R24|Any CPU.Build.0 = Debug.R24|Any CPU
		{BA3BC001-321C-4018-8E99-31E233971B6A}.Debug.R25|Any CPU.ActiveCfg = Debug.R25|Any CPU
		{BA3BC001-321C-4018-8E99-31E233971B6A}.Debug.R25|Any CPU.Build.0 = Debug.R25|Any CPU
		{BA3BC001-321C-4018-8E99-31E233971B6A}.Debug.R26|Any CPU.ActiveCfg = Debug.R26|Any CPU
		{BA3BC001-321C-4018-8E99-31E233971B6A}.Debug.R26|Any CPU.Build.0 = Debug.R26|Any CPU
		{BA3BC001-321C-4018-8E99-31E233971B6A}.Debug.R27|Any CPU.ActiveCfg = Debug.R27|Any CPU
		{BA3BC001-321C-4018-8E99-31E233971B6A}.Debug.R27|Any CPU.Build.0 = Debug.R27|Any CPU
		{BA3BC001-321C-4018-8E99-31E233971B6A}.Release.R22|Any CPU.ActiveCfg = Release.R22|Any CPU
		{BA3BC001-321C-4018-8E99-31E233971B6A}.Release.R22|Any CPU.Build.0 = Release.R22|Any CPU
		{BA3BC001-321C-4018-8E99-31E233971B6A}.Release.R23|Any CPU.ActiveCfg = Release.R23|Any CPU
		{BA3BC001-321C-4018-8E99-31E233971B6A}.Release.R23|Any CPU.Build.0 = Release.R23|Any CPU
		{BA3BC001-321C-4018-8E99-31E233971B6A}.Release.R24|Any CPU.ActiveCfg = Release.R24|Any CPU
		{BA3BC001-321C-4018-8E99-31E233971B6A}.Release.R24|Any CPU.Build.0 = Release.R24|Any CPU
		{BA3BC001-321C-4018-8E99-31E233971B6A}.Release.R25|Any CPU.Build.0 = Release.R25|Any CPU
		{BA3BC001-321C-4018-8E99-31E233971B6A}.Release.R26|Any CPU.Build.0 = Release.R26|Any CPU
		{BA3BC001-321C-4018-8E99-31E233971B6A}.Release.R27|Any CPU.Build.0 = Release.R27|Any CPU
		{CEE0A213-BCC3-4C35-B8D1-3DDC955ACFAB}.Debug.R22|Any CPU.ActiveCfg = Debug.R22|Any CPU
		{CEE0A213-BCC3-4C35-B8D1-3DDC955ACFAB}.Debug.R22|Any CPU.Build.0 = Debug.R22|Any CPU
		{CEE0A213-BCC3-4C35-B8D1-3DDC955ACFAB}.Debug.R23|Any CPU.ActiveCfg = Release.R27|Any CPU
		{CEE0A213-BCC3-4C35-B8D1-3DDC955ACFAB}.Debug.R23|Any CPU.Build.0 = Release.R27|Any CPU
		{CEE0A213-BCC3-4C35-B8D1-3DDC955ACFAB}.Debug.R26|Any CPU.ActiveCfg = Debug.R22|Any CPU
		{CEE0A213-BCC3-4C35-B8D1-3DDC955ACFAB}.Debug.R26|Any CPU.Build.0 = Debug.R22|Any CPU
		{CEE0A213-BCC3-4C35-B8D1-3DDC955ACFAB}.Release.R27|Any CPU.ActiveCfg = Release.R27|Any CPU
		{CEE0A213-BCC3-4C35-B8D1-3DDC955ACFAB}.Debug.R24|Any CPU.ActiveCfg = Debug.R24|Any CPU
		{CEE0A213-BCC3-4C35-B8D1-3DDC955ACFAB}.Debug.R24|Any CPU.Build.0 = Debug.R24|Any CPU
		{CEE0A213-BCC3-4C35-B8D1-3DDC955ACFAB}.Debug.R25|Any CPU.ActiveCfg = Debug.R25|Any CPU
		{CEE0A213-BCC3-4C35-B8D1-3DDC955ACFAB}.Debug.R27|Any CPU.ActiveCfg = Debug.R27|Any CPU
		{CEE0A213-BCC3-4C35-B8D1-3DDC955ACFAB}.Release.R25|Any CPU.ActiveCfg = Release.R25|Any CPU
		{129FC031-E614-4691-BE37-6C2963F527BF}.Debug.R22|Any CPU.ActiveCfg = Debug.R22|Any CPU
		{129FC031-E614-4691-BE37-6C2963F527BF}.Debug.R22|Any CPU.Build.0 = Debug.R22|Any CPU
		{129FC031-E614-4691-BE37-6C2963F527BF}.Debug.R23|Any CPU.ActiveCfg = Debug.R23|Any CPU
		{129FC031-E614-4691-BE37-6C2963F527BF}.Debug.R23|Any CPU.Build.0 = Debug.R23|Any CPU
		{129FC031-E614-4691-BE37-6C2963F527BF}.Debug.R24|Any CPU.ActiveCfg = Debug.R24|Any CPU
		{129FC031-E614-4691-BE37-6C2963F527BF}.Debug.R24|Any CPU.Build.0 = Debug.R24|Any CPU
		{129FC031-E614-4691-BE37-6C2963F527BF}.Debug.R25|Any CPU.ActiveCfg = Debug.R25|Any CPU
		{129FC031-E614-4691-BE37-6C2963F527BF}.Debug.R25|Any CPU.Build.0 = Debug.R25|Any CPU
		{129FC031-E614-4691-BE37-6C2963F527BF}.Debug.R26|Any CPU.ActiveCfg = Debug.R26|Any CPU
		{129FC031-E614-4691-BE37-6C2963F527BF}.Debug.R26|Any CPU.Build.0 = Debug.R26|Any CPU
		{129FC031-E614-4691-BE37-6C2963F527BF}.Debug.R27|Any CPU.ActiveCfg = Debug.R27|Any CPU
		{129FC031-E614-4691-BE37-6C2963F527BF}.Debug.R27|Any CPU.Build.0 = Debug.R27|Any CPU
		{129FC031-E614-4691-BE37-6C2963F527BF}.Release.R22|Any CPU.ActiveCfg = Release.R22|Any CPU
		{129FC031-E614-4691-BE37-6C2963F527BF}.Release.R22|Any CPU.Build.0 = Release.R22|Any CPU
		{129FC031-E614-4691-BE37-6C2963F527BF}.Release.R23|Any CPU.ActiveCfg = Release.R23|Any CPU
		{129FC031-E614-4691-BE37-6C2963F527BF}.Release.R23|Any CPU.Build.0 = Release.R23|Any CPU
		{129FC031-E614-4691-BE37-6C2963F527BF}.Release.R24|Any CPU.ActiveCfg = Release.R24|Any CPU
		{129FC031-E614-4691-BE37-6C2963F527BF}.Release.R24|Any CPU.Build.0 = Release.R24|Any CPU
		{129FC031-E614-4691-BE37-6C2963F527BF}.Release.R25|Any CPU.ActiveCfg = Debug.R25|Any CPU
		{129FC031-E614-4691-BE37-6C2963F527BF}.Release.R25|Any CPU.Build.0 = Debug.R25|Any CPU
		{129FC031-E614-4691-BE37-6C2963F527BF}.Release.R26|Any CPU.ActiveCfg = Release.R26|Any CPU
		{129FC031-E614-4691-BE37-6C2963F527BF}.Release.R26|Any CPU.Build.0 = Release.R26|Any CPU
		{129FC031-E614-4691-BE37-6C2963F527BF}.Release.R27|Any CPU.ActiveCfg = Release.R27|Any CPU
		{129FC031-E614-4691-BE37-6C2963F527BF}.Release.R27|Any CPU.Build.0 = Release.R27|Any CPU
	EndGlobalSection
	GlobalSection(NestedProjects) = preSolution
		{C031AD42-DC78-4F9B-A74C-322F5BCD43FD} = {FFFFFFFF-FFFF-FFFF-FFFF-FFFFFFFFFFFF}
		{0F380971-498B-4F2F-9A1A-4C3C2138955D} = {FFFFFFFF-FFFF-FFFF-FFFF-FFFFFFFFFFFF}
		{38A15B33-5708-499F-82CA-D858CC1CB360} = {3AB614CE-EA49-4164-A6AD-60806D8C6A92}
		{6F9BF5A6-D661-4598-8142-A9E096E1DE8C} = {3AB614CE-EA49-4164-A6AD-60806D8C6A92}
		{ED6A093D-E297-4C1D-B4E9-4BD47E276FEC} = {3AB614CE-EA49-4164-A6AD-60806D8C6A92}
		{D0804FFD-187E-411D-BD80-E5804FD6D1E6} = {81BC5D56-709B-4545-96FB-EFC14D5F7CA5}
		{8CD358BB-9032-4846-8165-FEA9FBA0B3FA} = {55992866-E7F6-470E-BC3B-05161A40A14C}
		{8F393442-77C9-405F-A0A7-208A53E9B389} = {55992866-E7F6-470E-BC3B-05161A40A14C}
		{9E343578-BA84-48EF-8CE4-05EE17862897} = {55992866-E7F6-470E-BC3B-05161A40A14C}
		{0A00E227-E0E0-48D6-9580-26ADD9126167} = {55992866-E7F6-470E-BC3B-05161A40A14C}
		{1E6FE382-8036-4CDB-9B5F-32FA791B3B35} = {55992866-E7F6-470E-BC3B-05161A40A14C}
		{1300DA82-71AC-4513-AD48-F3BCC7585427} = {55992866-E7F6-470E-BC3B-05161A40A14C}
		{242EE400-9CB1-4E80-BBB2-70E5EE01FA23} = {55992866-E7F6-470E-BC3B-05161A40A14C}
		{083CFB3B-C30C-4ECF-B351-2CFADA6A6C2C} = {55992866-E7F6-470E-BC3B-05161A40A14C}
		{C1CEFEEF-CBCD-4534-8DF0-97F45ECEA270} = {C2F55BDB-A598-469B-96FC-5AA561E04D61}
		{920A79CA-EAFD-4AF4-A96F-B08DF47416A3} = {C2F55BDB-A598-469B-96FC-5AA561E04D61}
		{9B5B6E1E-3CA3-4FCE-B537-200CC7F3BCBB} = {C2F55BDB-A598-469B-96FC-5AA561E04D61}
		{F41A2698-D733-411C-A82A-49C6799FCB2E} = {55992866-E7F6-470E-BC3B-05161A40A14C}
		{BA3BC001-321C-4018-8E99-31E233971B6A} = {55992866-E7F6-470E-BC3B-05161A40A14C}
	EndGlobalSection
	GlobalSection(SolutionProperties) = preSolution
		HideSolutionNode = FALSE
	EndGlobalSection
EndGlobal
